// !$*UTF8*$!
{
	archiveVersion = 1;
	classes = {
	};
	objectVersion = 77;
	objects = {

/* Begin PBXContainerItemProxy section */
		25F1EAC52E7EBC7C00C86F15 /* PBXContainerItemProxy */ = {
			isa = PBXContainerItemProxy;
			containerPortal = 25F1EAAF2E7EBC7B00C86F15 /* Project object */;
			proxyType = 1;
			remoteGlobalIDString = 25F1EAB62E7EBC7B00C86F15;
			remoteInfo = vibecheck;
		};
		25F1EACF2E7EBC7C00C86F15 /* PBXContainerItemProxy */ = {
			isa = PBXContainerItemProxy;
			containerPortal = 25F1EAAF2E7EBC7B00C86F15 /* Project object */;
			proxyType = 1;
			remoteGlobalIDString = 25F1EAB62E7EBC7B00C86F15;
			remoteInfo = vibecheck;
		};
/* End PBXContainerItemProxy section */

/* Begin PBXFileReference section */
		25F1EAB72E7EBC7B00C86F15 /* vibecheck.app */ = {isa = PBXFileReference; explicitFileType = wrapper.application; includeInIndex = 0; path = vibecheck.app; sourceTree = BUILT_PRODUCTS_DIR; };
		25F1EAC42E7EBC7C00C86F15 /* vibecheckTests.xctest */ = {isa = PBXFileReference; explicitFileType = wrapper.cfbundle; includeInIndex = 0; path = vibecheckTests.xctest; sourceTree = BUILT_PRODUCTS_DIR; };
		25F1EACE2E7EBC7C00C86F15 /* vibecheckUITests.xctest */ = {isa = PBXFileReference; explicitFileType = wrapper.cfbundle; includeInIndex = 0; path = vibecheckUITests.xctest; sourceTree = BUILT_PRODUCTS_DIR; };
/* End PBXFileReference section */

/* Begin PBXFileSystemSynchronizedRootGroup section */
		25F1EAB92E7EBC7B00C86F15 /* vibecheck */ = {
			isa = PBXFileSystemSynchronizedRootGroup;
			path = vibecheck;
			sourceTree = "<group>";
		};
		25F1EAC72E7EBC7C00C86F15 /* vibecheckTests */ = {
			isa = PBXFileSystemSynchronizedRootGroup;
			path = vibecheckTests;
			sourceTree = "<group>";
		};
		25F1EAD12E7EBC7C00C86F15 /* vibecheckUITests */ = {
			isa = PBXFileSystemSynchronizedRootGroup;
			path = vibecheckUITests;
			sourceTree = "<group>";
		};
/* End PBXFileSystemSynchronizedRootGroup section */

/* Begin PBXFrameworksBuildPhase section */
		25F1EAB42E7EBC7B00C86F15 /* Frameworks */ = {
			isa = PBXFrameworksBuildPhase;
			buildActionMask = 2147483647;
			files = (
			);
			runOnlyForDeploymentPostprocessing = 0;
		};
		25F1EAC12E7EBC7C00C86F15 /* Frameworks */ = {
			isa = PBXFrameworksBuildPhase;
			buildActionMask = 2147483647;
			files = (
			);
			runOnlyForDeploymentPostprocessing = 0;
		};
		25F1EACB2E7EBC7C00C86F15 /* Frameworks */ = {
			isa = PBXFrameworksBuildPhase;
			buildActionMask = 2147483647;
			files = (
			);
			runOnlyForDeploymentPostprocessing = 0;
		};
/* End PBXFrameworksBuildPhase section */

/* Begin PBXGroup section */
		25F1EAAE2E7EBC7B00C86F15 = {
			isa = PBXGroup;
			children = (
				25F1EAB92E7EBC7B00C86F15 /* vibecheck */,
				25F1EAC72E7EBC7C00C86F15 /* vibecheckTests */,
				25F1EAD12E7EBC7C00C86F15 /* vibecheckUITests */,
				25F1EAB82E7EBC7B00C86F15 /* Products */,
			);
			sourceTree = "<group>";
		};
		25F1EAB82E7EBC7B00C86F15 /* Products */ = {
			isa = PBXGroup;
			children = (
				25F1EAB72E7EBC7B00C86F15 /* vibecheck.app */,
				25F1EAC42E7EBC7C00C86F15 /* vibecheckTests.xctest */,
				25F1EACE2E7EBC7C00C86F15 /* vibecheckUITests.xctest */,
			);
			name = Products;
			sourceTree = "<group>";
		};
/* End PBXGroup section */

/* Begin PBXNativeTarget section */
		25F1EAB62E7EBC7B00C86F15 /* vibecheck */ = {
			isa = PBXNativeTarget;
			buildConfigurationList = 25F1EAD82E7EBC7C00C86F15 /* Build configuration list for PBXNativeTarget "vibecheck" */;
			buildPhases = (
				25F1EAB32E7EBC7B00C86F15 /* Sources */,
				25F1EAB42E7EBC7B00C86F15 /* Frameworks */,
				25F1EAB52E7EBC7B00C86F15 /* Resources */,
			);
			buildRules = (
			);
			dependencies = (
			);
			fileSystemSynchronizedGroups = (
				25F1EAB92E7EBC7B00C86F15 /* vibecheck */,
			);
			name = vibecheck;
			packageProductDependencies = (
			);
			productName = vibecheck;
			productReference = 25F1EAB72E7EBC7B00C86F15 /* vibecheck.app */;
			productType = "com.apple.product-type.application";
		};
		25F1EAC32E7EBC7C00C86F15 /* vibecheckTests */ = {
			isa = PBXNativeTarget;
			buildConfigurationList = 25F1EADB2E7EBC7C00C86F15 /* Build configuration list for PBXNativeTarget "vibecheckTests" */;
			buildPhases = (
				25F1EAC02E7EBC7C00C86F15 /* Sources */,
				25F1EAC12E7EBC7C00C86F15 /* Frameworks */,
				25F1EAC22E7EBC7C00C86F15 /* Resources */,
			);
			buildRules = (
			);
			dependencies = (
				25F1EAC62E7EBC7C00C86F15 /* PBXTargetDependency */,
			);
			fileSystemSynchronizedGroups = (
				25F1EAC72E7EBC7C00C86F15 /* vibecheckTests */,
			);
			name = vibecheckTests;
			packageProductDependencies = (
			);
			productName = vibecheckTests;
			productReference = 25F1EAC42E7EBC7C00C86F15 /* vibecheckTests.xctest */;
			productType = "com.apple.product-type.bundle.unit-test";
		};
		25F1EACD2E7EBC7C00C86F15 /* vibecheckUITests */ = {
			isa = PBXNativeTarget;
			buildConfigurationList = 25F1EADE2E7EBC7C00C86F15 /* Build configuration list for PBXNativeTarget "vibecheckUITests" */;
			buildPhases = (
				25F1EACA2E7EBC7C00C86F15 /* Sources */,
				25F1EACB2E7EBC7C00C86F15 /* Frameworks */,
				25F1EACC2E7EBC7C00C86F15 /* Resources */,
			);
			buildRules = (
			);
			dependencies = (
				25F1EAD02E7EBC7C00C86F15 /* PBXTargetDependency */,
			);
			fileSystemSynchronizedGroups = (
				25F1EAD12E7EBC7C00C86F15 /* vibecheckUITests */,
			);
			name = vibecheckUITests;
			packageProductDependencies = (
			);
			productName = vibecheckUITests;
			productReference = 25F1EACE2E7EBC7C00C86F15 /* vibecheckUITests.xctest */;
			productType = "com.apple.product-type.bundle.ui-testing";
		};
/* End PBXNativeTarget section */

/* Begin PBXProject section */
		25F1EAAF2E7EBC7B00C86F15 /* Project object */ = {
			isa = PBXProject;
			attributes = {
				BuildIndependentTargetsInParallel = 1;
				LastSwiftUpdateCheck = 1640;
				LastUpgradeCheck = 1640;
				TargetAttributes = {
					25F1EAB62E7EBC7B00C86F15 = {
						CreatedOnToolsVersion = 16.4;
					};
					25F1EAC32E7EBC7C00C86F15 = {
						CreatedOnToolsVersion = 16.4;
						TestTargetID = 25F1EAB62E7EBC7B00C86F15;
					};
					25F1EACD2E7EBC7C00C86F15 = {
						CreatedOnToolsVersion = 16.4;
						TestTargetID = 25F1EAB62E7EBC7B00C86F15;
					};
				};
			};
			buildConfigurationList = 25F1EAB22E7EBC7B00C86F15 /* Build configuration list for PBXProject "vibecheck" */;
			developmentRegion = en;
			hasScannedForEncodings = 0;
			knownRegions = (
				en,
				Base,
			);
			mainGroup = 25F1EAAE2E7EBC7B00C86F15;
			minimizedProjectReferenceProxies = 1;
			preferredProjectObjectVersion = 77;
			productRefGroup = 25F1EAB82E7EBC7B00C86F15 /* Products */;
			projectDirPath = "";
			projectRoot = "";
			targets = (
				25F1EAB62E7EBC7B00C86F15 /* vibecheck */,
				25F1EAC32E7EBC7C00C86F15 /* vibecheckTests */,
				25F1EACD2E7EBC7C00C86F15 /* vibecheckUITests */,
			);
		};
/* End PBXProject section */

/* Begin PBXResourcesBuildPhase section */
		25F1EAB52E7EBC7B00C86F15 /* Resources */ = {
			isa = PBXResourcesBuildPhase;
			buildActionMask = 2147483647;
			files = (
			);
			runOnlyForDeploymentPostprocessing = 0;
		};
		25F1EAC22E7EBC7C00C86F15 /* Resources */ = {
			isa = PBXResourcesBuildPhase;
			buildActionMask = 2147483647;
			files = (
			);
			runOnlyForDeploymentPostprocessing = 0;
		};
		25F1EACC2E7EBC7C00C86F15 /* Resources */ = {
			isa = PBXResourcesBuildPhase;
			buildActionMask = 2147483647;
			files = (
			);
			runOnlyForDeploymentPostprocessing = 0;
		};
/* End PBXResourcesBuildPhase section */

/* Begin PBXSourcesBuildPhase section */
		25F1EAB32E7EBC7B00C86F15 /* Sources */ = {
			isa = PBXSourcesBuildPhase;
			buildActionMask = 2147483647;
			files = (
			);
			runOnlyForDeploymentPostprocessing = 0;
		};
		25F1EAC02E7EBC7C00C86F15 /* Sources */ = {
			isa = PBXSourcesBuildPhase;
			buildActionMask = 2147483647;
			files = (
			);
			runOnlyForDeploymentPostprocessing = 0;
		};
		25F1EACA2E7EBC7C00C86F15 /* Sources */ = {
			isa = PBXSourcesBuildPhase;
			buildActionMask = 2147483647;
			files = (
			);
			runOnlyForDeploymentPostprocessing = 0;
		};
/* End PBXSourcesBuildPhase section */

/* Begin PBXTargetDependency section */
		25F1EAC62E7EBC7C00C86F15 /* PBXTargetDependency */ = {
			isa = PBXTargetDependency;
			target = 25F1EAB62E7EBC7B00C86F15 /* vibecheck */;
			targetProxy = 25F1EAC52E7EBC7C00C86F15 /* PBXContainerItemProxy */;
		};
		25F1EAD02E7EBC7C00C86F15 /* PBXTargetDependency */ = {
			isa = PBXTargetDependency;
			target = 25F1EAB62E7EBC7B00C86F15 /* vibecheck */;
			targetProxy = 25F1EACF2E7EBC7C00C86F15 /* PBXContainerItemProxy */;
		};
/* End PBXTargetDependency section */

/* Begin XCBuildConfiguration section */
		25F1EAD62E7EBC7C00C86F15 /* Debug */ = {
			isa = XCBuildConfiguration;
			buildSettings = {
				ALWAYS_SEARCH_USER_PATHS = NO;
				ASSETCATALOG_COMPILER_GENERATE_SWIFT_ASSET_SYMBOL_EXTENSIONS = YES;
				CLANG_ANALYZER_NONNULL = YES;
				CLANG_ANALYZER_NUMBER_OBJECT_CONVERSION = YES_AGGRESSIVE;
				CLANG_CXX_LANGUAGE_STANDARD = "gnu++20";
				CLANG_ENABLE_MODULES = YES;
				CLANG_ENABLE_OBJC_ARC = YES;
				CLANG_ENABLE_OBJC_WEAK = YES;
				CLANG_WARN_BLOCK_CAPTURE_AUTORELEASING = YES;
				CLANG_WARN_BOOL_CONVERSION = YES;
				CLANG_WARN_COMMA = YES;
				CLANG_WARN_CONSTANT_CONVERSION = YES;
				CLANG_WARN_DEPRECATED_OBJC_IMPLEMENTATIONS = YES;
				CLANG_WARN_DIRECT_OBJC_ISA_USAGE = YES_ERROR;
				CLANG_WARN_DOCUMENTATION_COMMENTS = YES;
				CLANG_WARN_EMPTY_BODY = YES;
				CLANG_WARN_ENUM_CONVERSION = YES;
				CLANG_WARN_INFINITE_RECURSION = YES;
				CLANG_WARN_INT_CONVERSION = YES;
				CLANG_WARN_NON_LITERAL_NULL_CONVERSION = YES;
				CLANG_WARN_OBJC_IMPLICIT_RETAIN_SELF = YES;
				CLANG_WARN_OBJC_LITERAL_CONVERSION = YES;
				CLANG_WARN_OBJC_ROOT_CLASS = YES_ERROR;
				CLANG_WARN_QUOTED_INCLUDE_IN_FRAMEWORK_HEADER = YES;
				CLANG_WARN_RANGE_LOOP_ANALYSIS = YES;
				CLANG_WARN_STRICT_PROTOTYPES = YES;
				CLANG_WARN_SUSPICIOUS_MOVE = YES;
				CLANG_WARN_UNGUARDED_AVAILABILITY = YES_AGGRESSIVE;
				CLANG_WARN_UNREACHABLE_CODE = YES;
				CLANG_WARN__DUPLICATE_METHOD_MATCH = YES;
				COPY_PHASE_STRIP = NO;
				DEBUG_INFORMATION_FORMAT = dwarf;
				DEVELOPMENT_TEAM = BJ74X55K65;
				ENABLE_STRICT_OBJC_MSGSEND = YES;
				ENABLE_TESTABILITY = YES;
				ENABLE_USER_SCRIPT_SANDBOXING = YES;
				GCC_C_LANGUAGE_STANDARD = gnu17;
				GCC_DYNAMIC_NO_PIC = NO;
				GCC_NO_COMMON_BLOCKS = YES;
				GCC_OPTIMIZATION_LEVEL = 0;
				GCC_PREPROCESSOR_DEFINITIONS = (
					"DEBUG=1",
					"$(inherited)",
				);
				GCC_WARN_64_TO_32_BIT_CONVERSION = YES;
				GCC_WARN_ABOUT_RETURN_TYPE = YES_ERROR;
				GCC_WARN_UNDECLARED_SELECTOR = YES;
				GCC_WARN_UNINITIALIZED_AUTOS = YES_AGGRESSIVE;
				GCC_WARN_UNUSED_FUNCTION = YES;
				GCC_WARN_UNUSED_VARIABLE = YES;
				IPHONEOS_DEPLOYMENT_TARGET = 18.5;
				LOCALIZATION_PREFERS_STRING_CATALOGS = YES;
				MTL_ENABLE_DEBUG_INFO = INCLUDE_SOURCE;
				MTL_FAST_MATH = YES;
				ONLY_ACTIVE_ARCH = YES;
				SDKROOT = iphoneos;
				SWIFT_ACTIVE_COMPILATION_CONDITIONS = "DEBUG $(inherited)";
				SWIFT_OPTIMIZATION_LEVEL = "-Onone";
			};
			name = Debug;
		};
		25F1EAD72E7EBC7C00C86F15 /* Release */ = {
			isa = XCBuildConfiguration;
			buildSettings = {
				ALWAYS_SEARCH_USER_PATHS = NO;
				ASSETCATALOG_COMPILER_GENERATE_SWIFT_ASSET_SYMBOL_EXTENSIONS = YES;
				CLANG_ANALYZER_NONNULL = YES;
				CLANG_ANALYZER_NUMBER_OBJECT_CONVERSION = YES_AGGRESSIVE;
				CLANG_CXX_LANGUAGE_STANDARD = "gnu++20";
				CLANG_ENABLE_MODULES = YES;
				CLANG_ENABLE_OBJC_ARC = YES;
				CLANG_ENABLE_OBJC_WEAK = YES;
				CLANG_WARN_BLOCK_CAPTURE_AUTORELEASING = YES;
				CLANG_WARN_BOOL_CONVERSION = YES;
				CLANG_WARN_COMMA = YES;
				CLANG_WARN_CONSTANT_CONVERSION = YES;
				CLANG_WARN_DEPRECATED_OBJC_IMPLEMENTATIONS = YES;
				CLANG_WARN_DIRECT_OBJC_ISA_USAGE = YES_ERROR;
				CLANG_WARN_DOCUMENTATION_COMMENTS = YES;
				CLANG_WARN_EMPTY_BODY = YES;
				CLANG_WARN_ENUM_CONVERSION = YES;
				CLANG_WARN_INFINITE_RECURSION = YES;
				CLANG_WARN_INT_CONVERSION = YES;
				CLANG_WARN_NON_LITERAL_NULL_CONVERSION = YES;
				CLANG_WARN_OBJC_IMPLICIT_RETAIN_SELF = YES;
				CLANG_WARN_OBJC_LITERAL_CONVERSION = YES;
				CLANG_WARN_OBJC_ROOT_CLASS = YES_ERROR;
				CLANG_WARN_QUOTED_INCLUDE_IN_FRAMEWORK_HEADER = YES;
				CLANG_WARN_RANGE_LOOP_ANALYSIS = YES;
				CLANG_WARN_STRICT_PROTOTYPES = YES;
				CLANG_WARN_SUSPICIOUS_MOVE = YES;
				CLANG_WARN_UNGUARDED_AVAILABILITY = YES_AGGRESSIVE;
				CLANG_WARN_UNREACHABLE_CODE = YES;
				CLANG_WARN__DUPLICATE_METHOD_MATCH = YES;
				COPY_PHASE_STRIP = NO;
				DEBUG_INFORMATION_FORMAT = "dwarf-with-dsym";
				DEVELOPMENT_TEAM = BJ74X55K65;
				ENABLE_NS_ASSERTIONS = NO;
				ENABLE_STRICT_OBJC_MSGSEND = YES;
				ENABLE_USER_SCRIPT_SANDBOXING = YES;
				GCC_C_LANGUAGE_STANDARD = gnu17;
				GCC_NO_COMMON_BLOCKS = YES;
				GCC_WARN_64_TO_32_BIT_CONVERSION = YES;
				GCC_WARN_ABOUT_RETURN_TYPE = YES_ERROR;
				GCC_WARN_UNDECLARED_SELECTOR = YES;
				GCC_WARN_UNINITIALIZED_AUTOS = YES_AGGRESSIVE;
				GCC_WARN_UNUSED_FUNCTION = YES;
				GCC_WARN_UNUSED_VARIABLE = YES;
				IPHONEOS_DEPLOYMENT_TARGET = 18.5;
				LOCALIZATION_PREFERS_STRING_CATALOGS = YES;
				MTL_ENABLE_DEBUG_INFO = NO;
				MTL_FAST_MATH = YES;
				SDKROOT = iphoneos;
				SWIFT_COMPILATION_MODE = wholemodule;
				VALIDATE_PRODUCT = YES;
			};
			name = Release;
		};
		25F1EAD92E7EBC7C00C86F15 /* Debug */ = {
			isa = XCBuildConfiguration;
			buildSettings = {
				ASSETCATALOG_COMPILER_APPICON_NAME = AppIcon;
				ASSETCATALOG_COMPILER_GLOBAL_ACCENT_COLOR_NAME = AccentColor;
				CODE_SIGN_STYLE = Automatic;
				CURRENT_PROJECT_VERSION = 1;
				DEVELOPMENT_TEAM = BJ74X55K65;
				ENABLE_PREVIEWS = YES;
				GENERATE_INFOPLIST_FILE = YES;
				INFOPLIST_KEY_UIApplicationSceneManifest_Generation = YES;
				INFOPLIST_KEY_UIApplicationSupportsIndirectInputEvents = YES;
				INFOPLIST_KEY_UILaunchScreen_Generation = YES;
				INFOPLIST_KEY_UISupportedInterfaceOrientations_iPad = "UIInterfaceOrientationPortrait UIInterfaceOrientationPortraitUpsideDown UIInterfaceOrientationLandscapeLeft UIInterfaceOrientationLandscapeRight";
				INFOPLIST_KEY_UISupportedInterfaceOrientations_iPhone = "UIInterfaceOrientationPortrait UIInterfaceOrientationLandscapeLeft UIInterfaceOrientationLandscapeRight";
				LD_RUNPATH_SEARCH_PATHS = (
					"$(inherited)",
					"@executable_path/Frameworks",
				);
				MARKETING_VERSION = 1.0;
				PRODUCT_BUNDLE_IDENTIFIER = zfraenkel.vibecheck;
				PRODUCT_NAME = "$(TARGET_NAME)";
				SWIFT_EMIT_LOC_STRINGS = YES;
				SWIFT_VERSION = 5.0;
				TARGETED_DEVICE_FAMILY = "1,2";
			};
			name = Debug;
		};
		25F1EADA2E7EBC7C00C86F15 /* Release */ = {
			isa = XCBuildConfiguration;
			buildSettings = {
				ASSETCATALOG_COMPILER_APPICON_NAME = AppIcon;
				ASSETCATALOG_COMPILER_GLOBAL_ACCENT_COLOR_NAME = AccentColor;
				CODE_SIGN_STYLE = Automatic;
				CURRENT_PROJECT_VERSION = 1;
				DEVELOPMENT_TEAM = BJ74X55K65;
				ENABLE_PREVIEWS = YES;
				GENERATE_INFOPLIST_FILE = YES;
				INFOPLIST_KEY_UIApplicationSceneManifest_Generation = YES;
				INFOPLIST_KEY_UIApplicationSupportsIndirectInputEvents = YES;
				INFOPLIST_KEY_UILaunchScreen_Generation = YES;
				INFOPLIST_KEY_UISupportedInterfaceOrientations_iPad = "UIInterfaceOrientationPortrait UIInterfaceOrientationPortraitUpsideDown UIInterfaceOrientationLandscapeLeft UIInterfaceOrientationLandscapeRight";
				INFOPLIST_KEY_UISupportedInterfaceOrientations_iPhone = "UIInterfaceOrientationPortrait UIInterfaceOrientationLandscapeLeft UIInterfaceOrientationLandscapeRight";
				LD_RUNPATH_SEARCH_PATHS = (
					"$(inherited)",
					"@executable_path/Frameworks",
				);
				MARKETING_VERSION = 1.0;
				PRODUCT_BUNDLE_IDENTIFIER = zfraenkel.vibecheck;
				PRODUCT_NAME = "$(TARGET_NAME)";
				SWIFT_EMIT_LOC_STRINGS = YES;
				SWIFT_VERSION = 5.0;
				TARGETED_DEVICE_FAMILY = "1,2";
			};
			name = Release;
		};
		25F1EADC2E7EBC7C00C86F15 /* Debug */ = {
			isa = XCBuildConfiguration;
			buildSettings = {
				BUNDLE_LOADER = "$(TEST_HOST)";
				CODE_SIGN_STYLE = Automatic;
				CURRENT_PROJECT_VERSION = 1;
				DEVELOPMENT_TEAM = BJ74X55K65;
				GENERATE_INFOPLIST_FILE = YES;
				IPHONEOS_DEPLOYMENT_TARGET = 18.5;
				MARKETING_VERSION = 1.0;
				PRODUCT_BUNDLE_IDENTIFIER = zfraenkel.vibecheckTests;
				PRODUCT_NAME = "$(TARGET_NAME)";
				SWIFT_EMIT_LOC_STRINGS = NO;
				SWIFT_VERSION = 5.0;
				TARGETED_DEVICE_FAMILY = "1,2";
				TEST_HOST = "$(BUILT_PRODUCTS_DIR)/vibecheck.app/$(BUNDLE_EXECUTABLE_FOLDER_PATH)/vibecheck";
			};
			name = Debug;
		};
		25F1EADD2E7EBC7C00C86F15 /* Release */ = {
			isa = XCBuildConfiguration;
			buildSettings = {
				BUNDLE_LOADER = "$(TEST_HOST)";
				CODE_SIGN_STYLE = Automatic;
				CURRENT_PROJECT_VERSION = 1;
				DEVELOPMENT_TEAM = BJ74X55K65;
				GENERATE_INFOPLIST_FILE = YES;
				IPHONEOS_DEPLOYMENT_TARGET = 18.5;
				MARKETING_VERSION = 1.0;
				PRODUCT_BUNDLE_IDENTIFIER = zfraenkel.vibecheckTests;
				PRODUCT_NAME = "$(TARGET_NAME)";
				SWIFT_EMIT_LOC_STRINGS = NO;
				SWIFT_VERSION = 5.0;
				TARGETED_DEVICE_FAMILY = "1,2";
				TEST_HOST = "$(BUILT_PRODUCTS_DIR)/vibecheck.app/$(BUNDLE_EXECUTABLE_FOLDER_PATH)/vibecheck";
			};
			name = Release;
		};
		25F1EADF2E7EBC7C00C86F15 /* Debug */ = {
			isa = XCBuildConfiguration;
			buildSettings = {
				CODE_SIGN_STYLE = Automatic;
				CURRENT_PROJECT_VERSION = 1;
				DEVELOPMENT_TEAM = BJ74X55K65;
				GENERATE_INFOPLIST_FILE = YES;
				MARKETING_VERSION = 1.0;
				PRODUCT_BUNDLE_IDENTIFIER = zfraenkel.vibecheckUITests;
				PRODUCT_NAME = "$(TARGET_NAME)";
				SWIFT_EMIT_LOC_STRINGS = NO;
				SWIFT_VERSION = 5.0;
				TARGETED_DEVICE_FAMILY = "1,2";
				TEST_TARGET_NAME = vibecheck;
			};
			name = Debug;
		};
		25F1EAE02E7EBC7C00C86F15 /* Release */ = {
			isa = XCBuildConfiguration;
			buildSettings = {
				CODE_SIGN_STYLE = Automatic;
				CURRENT_PROJECT_VERSION = 1;
				DEVELOPMENT_TEAM = BJ74X55K65;
				GENERATE_INFOPLIST_FILE = YES;
				MARKETING_VERSION = 1.0;
				PRODUCT_BUNDLE_IDENTIFIER = zfraenkel.vibecheckUITests;
				PRODUCT_NAME = "$(TARGET_NAME)";
				SWIFT_EMIT_LOC_STRINGS = NO;
				SWIFT_VERSION = 5.0;
				TARGETED_DEVICE_FAMILY = "1,2";
				TEST_TARGET_NAME = vibecheck;
			};
			name = Release;
		};
/* End XCBuildConfiguration section */

/* Begin XCConfigurationList section */
		25F1EAB22E7EBC7B00C86F15 /* Build configuration list for PBXProject "vibecheck" */ = {
			isa = XCConfigurationList;
			buildConfigurations = (
				25F1EAD62E7EBC7C00C86F15 /* Debug */,
				25F1EAD72E7EBC7C00C86F15 /* Release */,
			);
			defaultConfigurationIsVisible = 0;
			defaultConfigurationName = Release;
		};
		25F1EAD82E7EBC7C00C86F15 /* Build configuration list for PBXNativeTarget "vibecheck" */ = {
			isa = XCConfigurationList;
			buildConfigurations = (
				25F1EAD92E7EBC7C00C86F15 /* Debug */,
				25F1EADA2E7EBC7C00C86F15 /* Release */,
			);
			defaultConfigurationIsVisible = 0;
			defaultConfigurationName = Release;
		};
		25F1EADB2E7EBC7C00C86F15 /* Build configuration list for PBXNativeTarget "vibecheckTests" */ = {
			isa = XCConfigurationList;
			buildConfigurations = (
				25F1EADC2E7EBC7C00C86F15 /* Debug */,
				25F1EADD2E7EBC7C00C86F15 /* Release */,
			);
			defaultConfigurationIsVisible = 0;
			defaultConfigurationName = Release;
		};
		25F1EADE2E7EBC7C00C86F15 /* Build configuration list for PBXNativeTarget "vibecheckUITests" */ = {
			isa = XCConfigurationList;
			buildConfigurations = (
				25F1EADF2E7EBC7C00C86F15 /* Debug */,
				25F1EAE02E7EBC7C00C86F15 /* Release */,
			);
			defaultConfigurationIsVisible = 0;
			defaultConfigurationName = Release;
		};
/* End XCConfigurationList section */
	};
	rootObject = 25F1EAAF2E7EBC7B00C86F15 /* Project object */;
}
